
Microsoft Visual Studio Solution File, Format Version 12.00
# Visual Studio Version 17
VisualStudioVersion = 17.14.36616.10 d17.14
MinimumVisualStudioVersion = 10.0.40219.1
Project("{FAE04EC0-301F-11D3-BF4B-00C04F79EFBC}") = "Hancerlioglu", "Hancerlioglu\Hancerlioglu.csproj", "{6F26B1E5-0920-490D-A1DC-3E8408DA426D}"
EndProject
Global
	GlobalSection(SolutionConfigurationPlatforms) = preSolution
		Debug|Any CPU = Debug|Any CPU
		Release|Any CPU = Release|Any CPU
	EndGlobalSection
	GlobalSection(ProjectConfigurationPlatforms) = postSolution
		{6F26B1E5-0920-490D-A1DC-3E8408DA426D}.Debug|Any CPU.ActiveCfg = Debug|Any CPU
		{6F26B1E5-0920-490D-A1DC-3E8408DA426D}.Debug|Any CPU.Build.0 = Debug|Any CPU
		{6F26B1E5-0920-490D-A1DC-3E8408DA426D}.Release|Any CPU.ActiveCfg = Release|Any CPU
		{6F26B1E5-0920-490D-A1DC-3E8408DA426D}.Release|Any CPU.Build.0 = Release|Any CPU
	EndGlobalSection
	GlobalSection(SolutionProperties) = preSolution
		HideSolutionNode = FALSE
	EndGlobalSection
	GlobalSection(ExtensibilityGlobals) = postSolution
		SolutionGuid = {83067440-D2A2-4D0C-8303-7D29D19BD805}
	EndGlobalSection
EndGlobal
